
Microsoft Visual Studio Solution File, Format Version 12.00
# Visual Studio 15
VisualStudioVersion = 15.0.28307.779
MinimumVisualStudioVersion = 10.0.40219.1
Project("{FAE04EC0-301F-11D3-BF4B-00C04F79EFBC}") = "TestDI", "TestDI\TestDI.csproj", "{28C41D8E-C6A7-4A82-AEFF-57ABF499D186}"
EndProject
Global
	GlobalSection(SolutionConfigurationPlatforms) = preSolution
		Debug|Any CPU = Debug|Any CPU
		Release|Any CPU = Release|Any CPU
	EndGlobalSection
	GlobalSection(ProjectConfigurationPlatforms) = postSolution
		{28C41D8E-C6A7-4A82-AEFF-57ABF499D186}.Debug|Any CPU.ActiveCfg = Debug|Any CPU
		{28C41D8E-C6A7-4A82-AEFF-57ABF499D186}.Debug|Any CPU.Build.0 = Debug|Any CPU
		{28C41D8E-C6A7-4A82-AEFF-57ABF499D186}.Release|Any CPU.ActiveCfg = Release|Any CPU
		{28C41D8E-C6A7-4A82-AEFF-57ABF499D186}.Release|Any CPU.Build.0 = Release|Any CPU
	EndGlobalSection
	GlobalSection(SolutionProperties) = preSolution
		HideSolutionNode = FALSE
	EndGlobalSection
	GlobalSection(ExtensibilityGlobals) = postSolution
		SolutionGuid = {804C9BDF-40F6-4E24-B168-87DF49CB99DD}
	EndGlobalSection
EndGlobal
